# This file was autogenerated by Stack.
# You should not edit this file by hand.
# For more information, please see the documentation at:
#   https://docs.haskellstack.org/en/stable/lock_files

packages:
- completed:
    pantry-tree:
      sha256: 060ae5a5e5e2ae458fac3c9399b868a3b63a543382e4c30330cebea02c4153fa
      size: 470
    hackage: hcg-minus-0.15@sha256:cdc82064814d37ae139db8b06dea8fd7db4696332299362af90ff4f0c58fa0bc,953
  original:
    hackage: hcg-minus-0.15@sha256:cdc82064814d37ae139db8b06dea8fd7db4696332299362af90ff4f0c58fa0bc,953
- completed:
    pantry-tree:
      sha256: 2d352f5205443e29d49149ebddd75edbd496923593e6e9699e1c531c8995cb10
      size: 990
    hackage: hps-0.15@sha256:47ced9cebc0ef07d21dd2ff01bf68e1d97ad14b8c6206bcf709dc8616f0b2b83,1653
  original:
    hackage: hps-0.15@sha256:47ced9cebc0ef07d21dd2ff01bf68e1d97ad14b8c6206bcf709dc8616f0b2b83,1653
snapshots:
- completed:
    sha256: 4c31d4ef975b0211078862566aedf3b82b6cea569fc2cde4c72a51e5a8d236ce
    size: 618951
    url: https://raw.githubusercontent.com/commercialhaskell/stackage-snapshots/master/lts/19/14.yaml
  original:
    url: https://raw.githubusercontent.com/commercialhaskell/stackage-snapshots/master/lts/19/14.yaml
